
Microsoft Visual Studio Solution File, Format Version 12.00
# Visual Studio Version 16
VisualStudioVersion = 16.0.30002.166
MinimumVisualStudioVersion = 10.0.40219.1
Project("{2150E333-8FDC-42A3-9474-1A3956D46DE8}") = "Defining Classes", "Defining Classes", "{043A7067-A423-4D2F-8823-3B7475156C9C}"
EndProject
Project("{2150E333-8FDC-42A3-9474-1A3956D46DE8}") = "CarManufacturer", "CarManufacturer", "{9E736923-792B-4DA1-8597-7C92FBC505E4}"
EndProject
Project("{9A19103F-16F7-4668-BE54-9A1E7A4F7556}") = "CarManufacturer", "Defining Classes\CarManufacturer\CarManufacturer.csproj", "{1C37C149-BF33-411F-ADD6-3D428F5CA6B3}"
EndProject
Project("{2150E333-8FDC-42A3-9474-1A3956D46DE8}") = "Functional Programming", "Functional Programming", "{04B0A12E-4D81-4C73-99B2-F1B608215167}"
EndProject
Project("{2150E333-8FDC-42A3-9474-1A3956D46DE8}") = "AddVAT", "AddVAT", "{29A34012-5EBA-4B69-85BE-911436C98685}"
EndProject
Project("{9A19103F-16F7-4668-BE54-9A1E7A4F7556}") = "AddVAT", "Functional Programming\AddVAT\AddVAT.csproj", "{B94AF7E1-ED63-4D3E-A6ED-F7DB4BC6472B}"
EndProject
Project("{2150E333-8FDC-42A3-9474-1A3956D46DE8}") = "CountUppercaseWords", "CountUppercaseWords", "{36C08464-A81D-470D-ABC0-AD222524B32C}"
EndProject
Project("{9A19103F-16F7-4668-BE54-9A1E7A4F7556}") = "CountUppercaseWords", "Functional Programming\CountUppercaseWords\CountUppercaseWords.csproj", "{509D50E5-35F8-4D43-8EF5-8849D8334B80}"
EndProject
Project("{2150E333-8FDC-42A3-9474-1A3956D46DE8}") = "FilterByAge", "FilterByAge", "{3E042A99-C8CD-4B66-999D-2053DA8AAFCB}"
EndProject
Project("{9A19103F-16F7-4668-BE54-9A1E7A4F7556}") = "FilterByAge", "Functional Programming\FilterByAge\FilterByAge.csproj", "{B5B545C0-BEDB-4A7F-91AD-1FE7AE288B34}"
EndProject
Project("{2150E333-8FDC-42A3-9474-1A3956D46DE8}") = "SortEvenNumbers", "SortEvenNumbers", "{D6734BDC-8D49-4BAA-B24C-5EDF9323E0F6}"
EndProject
Project("{9A19103F-16F7-4668-BE54-9A1E7A4F7556}") = "SortEvenNumbers", "Functional Programming\SortEvenNumbers\SortEvenNumbers.csproj", "{484DB34F-B998-4D67-BCC0-F94512DBF857}"
EndProject
Project("{2150E333-8FDC-42A3-9474-1A3956D46DE8}") = "SumNumbers", "SumNumbers", "{E3408C04-824F-401F-83F0-42679D46B609}"
EndProject
Project("{9A19103F-16F7-4668-BE54-9A1E7A4F7556}") = "SumNumbers", "Functional Programming\SumNumbers\SumNumbers.csproj", "{CAB4E9CC-E3E0-4E0B-9034-0EC9F09CB25B}"
EndProject
Project("{2150E333-8FDC-42A3-9474-1A3956D46DE8}") = "Generics", "Generics", "{0894073F-89F5-4916-A981-A5E4F20B5C74}"
EndProject
Project("{2150E333-8FDC-42A3-9474-1A3956D46DE8}") = "BoxOfT", "BoxOfT", "{F1280297-20EC-4259-8CDE-06387E04A4DA}"
EndProject
Project("{9A19103F-16F7-4668-BE54-9A1E7A4F7556}") = "BoxOfT", "Generics\BoxOfT\BoxOfT.csproj", "{AB7C685F-7A32-42C5-96BC-DD831CC4DF86}"
EndProject
Project("{2150E333-8FDC-42A3-9474-1A3956D46DE8}") = "GenericArrayCreator", "GenericArrayCreator", "{D7DD2EBC-1403-4001-BDDE-4369CBA50E2B}"
EndProject
Project("{9A19103F-16F7-4668-BE54-9A1E7A4F7556}") = "GenericArrayCreator", "Generics\GenericArrayCreator\GenericArrayCreator.csproj", "{56B64437-E6E4-4569-877D-FA6F93CB26DD}"
EndProject
Project("{2150E333-8FDC-42A3-9474-1A3956D46DE8}") = "GenericScale", "GenericScale", "{776B3966-4AD5-4565-B9FC-D22716558F09}"
EndProject
Project("{9A19103F-16F7-4668-BE54-9A1E7A4F7556}") = "GenericScale", "Generics\GenericScale\GenericScale.csproj", "{A9427032-AF2F-470B-866A-484B11083411}"
EndProject
Project("{2150E333-8FDC-42A3-9474-1A3956D46DE8}") = "Iterators And Comparators", "Iterators And Comparators", "{EF118BBE-4993-4FD8-8657-7FB775827483}"
EndProject
Project("{2150E333-8FDC-42A3-9474-1A3956D46DE8}") = "Library", "Library", "{2D837DF7-9B68-47E0-BDFF-D916359171D3}"
EndProject
Project("{9A19103F-16F7-4668-BE54-9A1E7A4F7556}") = "Library", "Iterators And Comparators\Library\Library.csproj", "{C73F50C9-F8B7-49F6-AA37-5EF0D1206656}"
EndProject
Project("{2150E333-8FDC-42A3-9474-1A3956D46DE8}") = "Multidimensional Arrays", "Multidimensional Arrays", "{C240C7B8-90B3-4B77-B08A-E4CA02CC5841}"
EndProject
Project("{2150E333-8FDC-42A3-9474-1A3956D46DE8}") = "Jagged-ArrayModification", "Jagged-ArrayModification", "{F4182D9A-33EE-41A3-BBBC-B95D414F49D8}"
EndProject
Project("{9A19103F-16F7-4668-BE54-9A1E7A4F7556}") = "Jagged-ArrayModification", "Multidimensional Arrays\Jagged-ArrayModification\Jagged-ArrayModification.csproj", "{0C0FC49A-090C-49F9-BCA2-4F03F8A17CAE}"
EndProject
Project("{2150E333-8FDC-42A3-9474-1A3956D46DE8}") = "PrimaryDiagonal", "PrimaryDiagonal", "{181A6928-6AA7-4269-82EA-E758D30458DF}"
EndProject
Project("{9A19103F-16F7-4668-BE54-9A1E7A4F7556}") = "PrimaryDiagonal", "Multidimensional Arrays\PrimaryDiagonal\PrimaryDiagonal.csproj", "{A07255B4-9E09-4EE4-B021-06C135F35910}"
EndProject
Project("{2150E333-8FDC-42A3-9474-1A3956D46DE8}") = "SumMatrixColumns", "SumMatrixColumns", "{EEF14271-0218-4888-BE31-4D2685A0D3D9}"
EndProject
Project("{9A19103F-16F7-4668-BE54-9A1E7A4F7556}") = "SumMatrixColumns", "Multidimensional Arrays\SumMatrixColumns\SumMatrixColumns.csproj", "{52BB2F0D-07DC-4BA5-B869-5818E93D5DD1}"
EndProject
Project("{2150E333-8FDC-42A3-9474-1A3956D46DE8}") = "SumMatrixElements", "SumMatrixElements", "{15D49798-F28C-4233-9DB4-818B6D37EC0C}"
EndProject
Project("{9A19103F-16F7-4668-BE54-9A1E7A4F7556}") = "SumMatrixElements", "Multidimensional Arrays\SumMatrixElements\SumMatrixElements.csproj", "{5BB52DE1-5076-4CCC-BC49-6BE4944DA8A7}"
EndProject
Project("{2150E333-8FDC-42A3-9474-1A3956D46DE8}") = "Sets And Dictionaries", "Sets And Dictionaries", "{BAA0CAF3-A8FB-4ABA-A2B5-AB2028BF7159}"
EndProject
Project("{2150E333-8FDC-42A3-9474-1A3956D46DE8}") = "AverageStudentGrades", "AverageStudentGrades", "{13BE5BA9-AFA8-4D97-B00A-0DAB70B6B57A}"
EndProject
Project("{2150E333-8FDC-42A3-9474-1A3956D46DE8}") = "CitiesByContinentAndCountry", "CitiesByContinentAndCountry", "{08E4B23F-92B9-4DEA-948D-9FBC6FDD081F}"
EndProject
Project("{2150E333-8FDC-42A3-9474-1A3956D46DE8}") = "CountSameValuesInArray", "CountSameValuesInArray", "{C335BF09-A7DE-4ED2-93C6-E8A3BA402E63}"
EndProject
Project("{2150E333-8FDC-42A3-9474-1A3956D46DE8}") = "ProductShop", "ProductShop", "{1DBE09E6-F484-4D15-A215-A1A89FC7C216}"
EndProject
Project("{2150E333-8FDC-42A3-9474-1A3956D46DE8}") = "Sets", "Sets", "{519D16A2-7F31-4D8E-97DB-B8E70EEB31D8}"
EndProject
Project("{9A19103F-16F7-4668-BE54-9A1E7A4F7556}") = "AverageStudentGrades", "Sets And Dictionaries\AverageStudentGrades\AverageStudentGrades.csproj", "{FDD3A2DC-160B-45B5-8757-A3281FCCABC2}"
EndProject
Project("{9A19103F-16F7-4668-BE54-9A1E7A4F7556}") = "CitiesByContinentAndCountry", "Sets And Dictionaries\CitiesByContinentAndCountry\CitiesByContinentAndCountry.csproj", "{BD87468A-86F6-4922-898F-DC86832F80D5}"
EndProject
Project("{9A19103F-16F7-4668-BE54-9A1E7A4F7556}") = "CountSameValuesInArray", "Sets And Dictionaries\CountSameValuesInArray\CountSameValuesInArray.csproj", "{436675CA-B614-4994-B9F5-4FEDE526015D}"
EndProject
Project("{9A19103F-16F7-4668-BE54-9A1E7A4F7556}") = "ProductShop", "Sets And Dictionaries\ProductShop\ProductShop.csproj", "{0CA36F6F-B1C1-40FE-ACD6-AB1C3A11183A}"
EndProject
Project("{2150E333-8FDC-42A3-9474-1A3956D46DE8}") = "ParkingLot", "ParkingLot", "{C6DF1ADD-EC5A-47F7-8F1C-58036D056BC8}"
EndProject
Project("{2150E333-8FDC-42A3-9474-1A3956D46DE8}") = "RecordUniqueNames", "RecordUniqueNames", "{240706D8-BABB-44EC-BA1A-FF95A47A539F}"
EndProject
Project("{2150E333-8FDC-42A3-9474-1A3956D46DE8}") = "SoftUniParty", "SoftUniParty", "{8ED47A6C-4613-400D-B2EB-A21B32665C43}"
EndProject
Project("{9A19103F-16F7-4668-BE54-9A1E7A4F7556}") = "ParkingLot", "Sets And Dictionaries\Sets\ParkingLot\ParkingLot.csproj", "{8A73272D-942C-4C81-B0E2-A6ADF4792DD1}"
EndProject
Project("{9A19103F-16F7-4668-BE54-9A1E7A4F7556}") = "RecordUniqueNames", "Sets And Dictionaries\Sets\RecordUniqueNames\RecordUniqueNames.csproj", "{262A9CA9-E9B9-48AB-8716-4787B3F9DC65}"
EndProject
Project("{9A19103F-16F7-4668-BE54-9A1E7A4F7556}") = "SoftUniParty", "Sets And Dictionaries\Sets\SoftUniParty\SoftUniParty.csproj", "{BAACE25C-5E6B-427F-A748-E1BBFB7FE9AB}"
EndProject
Project("{2150E333-8FDC-42A3-9474-1A3956D46DE8}") = "Stacks And Queues", "Stacks And Queues", "{46DEAB7E-4FCA-4EDE-86AD-F46C1F7B9322}"
EndProject
Project("{2150E333-8FDC-42A3-9474-1A3956D46DE8}") = "Reverse Strings", "Reverse Strings", "{DFC1F041-0BBF-463A-84F1-DDD660B5E069}"
EndProject
Project("{2150E333-8FDC-42A3-9474-1A3956D46DE8}") = "SimpleCalculator", "SimpleCalculator", "{45C1B588-12E4-438E-9361-29D92328F44F}"
EndProject
Project("{2150E333-8FDC-42A3-9474-1A3956D46DE8}") = "StackSum", "StackSum", "{3B3C0A75-2BF7-47D8-BF3F-011B0888E075}"
EndProject
Project("{2150E333-8FDC-42A3-9474-1A3956D46DE8}") = "Working With Queues", "Working With Queues", "{02871440-0EBE-41E8-BADC-CE1E01BEB143}"
EndProject
Project("{9A19103F-16F7-4668-BE54-9A1E7A4F7556}") = "ReverseStrings", "Stacks And Queues\Reverse Strings\ReverseStrings.csproj", "{A4780C21-0FAD-4BF1-A005-10BDDFB34E2A}"
EndProject
Project("{9A19103F-16F7-4668-BE54-9A1E7A4F7556}") = "SimpleCalculator", "Stacks And Queues\SimpleCalculator\SimpleCalculator.csproj", "{0161A65F-843B-45BC-948F-4720242C733E}"
EndProject
Project("{9A19103F-16F7-4668-BE54-9A1E7A4F7556}") = "StackSum", "Stacks And Queues\StackSum\StackSum.csproj", "{1FFD17EF-5930-4585-9433-F80FFC0C934F}"
EndProject
Project("{2150E333-8FDC-42A3-9474-1A3956D46DE8}") = "HotPotato", "HotPotato", "{A14CDB68-2B83-4304-856F-A339E17EAAF9}"
EndProject
Project("{2150E333-8FDC-42A3-9474-1A3956D46DE8}") = "PrintEvenNumbers", "PrintEvenNumbers", "{55E213A0-3269-4AC3-A956-D5544223EEB4}"
EndProject
Project("{2150E333-8FDC-42A3-9474-1A3956D46DE8}") = "Supermarket", "Supermarket", "{57465EF9-D0B9-4346-B6D0-EF65DB9225C6}"
EndProject
Project("{2150E333-8FDC-42A3-9474-1A3956D46DE8}") = "TrafficJam", "TrafficJam", "{880B54E9-C076-476C-B54E-74325C47F104}"
EndProject
Project("{9A19103F-16F7-4668-BE54-9A1E7A4F7556}") = "HotPotato", "Stacks And Queues\Working with Queues\HotPotato\HotPotato.csproj", "{C7935EEB-9774-49A9-9A76-CBFCB9AE02EA}"
EndProject
Project("{9A19103F-16F7-4668-BE54-9A1E7A4F7556}") = "PrintEvenNumbers", "Stacks And Queues\Working with Queues\PrintEvenNumbers\PrintEvenNumbers.csproj", "{E874BF94-D1DE-4418-8EFC-26DA0463714C}"
EndProject
Project("{9A19103F-16F7-4668-BE54-9A1E7A4F7556}") = "Supermarket", "Stacks And Queues\Working with Queues\Supermarket\Supermarket.csproj", "{AB04853B-5BE8-4159-A97E-612C9BB1493F}"
EndProject
Project("{9A19103F-16F7-4668-BE54-9A1E7A4F7556}") = "TrafficJam", "Stacks And Queues\Working with Queues\TrafficJam\TrafficJam.csproj", "{7CB366F4-6F09-4414-9DF6-29DCEADE323B}"
EndProject
Global
	GlobalSection(SolutionConfigurationPlatforms) = preSolution
		Debug|Any CPU = Debug|Any CPU
		Release|Any CPU = Release|Any CPU
	EndGlobalSection
	GlobalSection(ProjectConfigurationPlatforms) = postSolution
		{1C37C149-BF33-411F-ADD6-3D428F5CA6B3}.Debug|Any CPU.ActiveCfg = Debug|Any CPU
		{1C37C149-BF33-411F-ADD6-3D428F5CA6B3}.Debug|Any CPU.Build.0 = Debug|Any CPU
		{1C37C149-BF33-411F-ADD6-3D428F5CA6B3}.Release|Any CPU.ActiveCfg = Release|Any CPU
		{1C37C149-BF33-411F-ADD6-3D428F5CA6B3}.Release|Any CPU.Build.0 = Release|Any CPU
		{B94AF7E1-ED63-4D3E-A6ED-F7DB4BC6472B}.Debug|Any CPU.ActiveCfg = Debug|Any CPU
		{B94AF7E1-ED63-4D3E-A6ED-F7DB4BC6472B}.Debug|Any CPU.Build.0 = Debug|Any CPU
		{B94AF7E1-ED63-4D3E-A6ED-F7DB4BC6472B}.Release|Any CPU.ActiveCfg = Release|Any CPU
		{B94AF7E1-ED63-4D3E-A6ED-F7DB4BC6472B}.Release|Any CPU.Build.0 = Release|Any CPU
		{509D50E5-35F8-4D43-8EF5-8849D8334B80}.Debug|Any CPU.ActiveCfg = Debug|Any CPU
		{509D50E5-35F8-4D43-8EF5-8849D8334B80}.Debug|Any CPU.Build.0 = Debug|Any CPU
		{509D50E5-35F8-4D43-8EF5-8849D8334B80}.Release|Any CPU.ActiveCfg = Release|Any CPU
		{509D50E5-35F8-4D43-8EF5-8849D8334B80}.Release|Any CPU.Build.0 = Release|Any CPU
		{B5B545C0-BEDB-4A7F-91AD-1FE7AE288B34}.Debug|Any CPU.ActiveCfg = Debug|Any CPU
		{B5B545C0-BEDB-4A7F-91AD-1FE7AE288B34}.Debug|Any CPU.Build.0 = Debug|Any CPU
		{B5B545C0-BEDB-4A7F-91AD-1FE7AE288B34}.Release|Any CPU.ActiveCfg = Release|Any CPU
		{B5B545C0-BEDB-4A7F-91AD-1FE7AE288B34}.Release|Any CPU.Build.0 = Release|Any CPU
		{484DB34F-B998-4D67-BCC0-F94512DBF857}.Debug|Any CPU.ActiveCfg = Debug|Any CPU
		{484DB34F-B998-4D67-BCC0-F94512DBF857}.Debug|Any CPU.Build.0 = Debug|Any CPU
		{484DB34F-B998-4D67-BCC0-F94512DBF857}.Release|Any CPU.ActiveCfg = Release|Any CPU
		{484DB34F-B998-4D67-BCC0-F94512DBF857}.Release|Any CPU.Build.0 = Release|Any CPU
		{CAB4E9CC-E3E0-4E0B-9034-0EC9F09CB25B}.Debug|Any CPU.ActiveCfg = Debug|Any CPU
		{CAB4E9CC-E3E0-4E0B-9034-0EC9F09CB25B}.Debug|Any CPU.Build.0 = Debug|Any CPU
		{CAB4E9CC-E3E0-4E0B-9034-0EC9F09CB25B}.Release|Any CPU.ActiveCfg = Release|Any CPU
		{CAB4E9CC-E3E0-4E0B-9034-0EC9F09CB25B}.Release|Any CPU.Build.0 = Release|Any CPU
		{AB7C685F-7A32-42C5-96BC-DD831CC4DF86}.Debug|Any CPU.ActiveCfg = Debug|Any CPU
		{AB7C685F-7A32-42C5-96BC-DD831CC4DF86}.Debug|Any CPU.Build.0 = Debug|Any CPU
		{AB7C685F-7A32-42C5-96BC-DD831CC4DF86}.Release|Any CPU.ActiveCfg = Release|Any CPU
		{AB7C685F-7A32-42C5-96BC-DD831CC4DF86}.Release|Any CPU.Build.0 = Release|Any CPU
		{56B64437-E6E4-4569-877D-FA6F93CB26DD}.Debug|Any CPU.ActiveCfg = Debug|Any CPU
		{56B64437-E6E4-4569-877D-FA6F93CB26DD}.Debug|Any CPU.Build.0 = Debug|Any CPU
		{56B64437-E6E4-4569-877D-FA6F93CB26DD}.Release|Any CPU.ActiveCfg = Release|Any CPU
		{56B64437-E6E4-4569-877D-FA6F93CB26DD}.Release|Any CPU.Build.0 = Release|Any CPU
		{A9427032-AF2F-470B-866A-484B11083411}.Debug|Any CPU.ActiveCfg = Debug|Any CPU
		{A9427032-AF2F-470B-866A-484B11083411}.Debug|Any CPU.Build.0 = Debug|Any CPU
		{A9427032-AF2F-470B-866A-484B11083411}.Release|Any CPU.ActiveCfg = Release|Any CPU
		{A9427032-AF2F-470B-866A-484B11083411}.Release|Any CPU.Build.0 = Release|Any CPU
		{C73F50C9-F8B7-49F6-AA37-5EF0D1206656}.Debug|Any CPU.ActiveCfg = Debug|Any CPU
		{C73F50C9-F8B7-49F6-AA37-5EF0D1206656}.Debug|Any CPU.Build.0 = Debug|Any CPU
		{C73F50C9-F8B7-49F6-AA37-5EF0D1206656}.Release|Any CPU.ActiveCfg = Release|Any CPU
		{C73F50C9-F8B7-49F6-AA37-5EF0D1206656}.Release|Any CPU.Build.0 = Release|Any CPU
		{0C0FC49A-090C-49F9-BCA2-4F03F8A17CAE}.Debug|Any CPU.ActiveCfg = Debug|Any CPU
		{0C0FC49A-090C-49F9-BCA2-4F03F8A17CAE}.Debug|Any CPU.Build.0 = Debug|Any CPU
		{0C0FC49A-090C-49F9-BCA2-4F03F8A17CAE}.Release|Any CPU.ActiveCfg = Release|Any CPU
		{0C0FC49A-090C-49F9-BCA2-4F03F8A17CAE}.Release|Any CPU.Build.0 = Release|Any CPU
		{A07255B4-9E09-4EE4-B021-06C135F35910}.Debug|Any CPU.ActiveCfg = Debug|Any CPU
		{A07255B4-9E09-4EE4-B021-06C135F35910}.Debug|Any CPU.Build.0 = Debug|Any CPU
		{A07255B4-9E09-4EE4-B021-06C135F35910}.Release|Any CPU.ActiveCfg = Release|Any CPU
		{A07255B4-9E09-4EE4-B021-06C135F35910}.Release|Any CPU.Build.0 = Release|Any CPU
		{52BB2F0D-07DC-4BA5-B869-5818E93D5DD1}.Debug|Any CPU.ActiveCfg = Debug|Any CPU
		{52BB2F0D-07DC-4BA5-B869-5818E93D5DD1}.Debug|Any CPU.Build.0 = Debug|Any CPU
		{52BB2F0D-07DC-4BA5-B869-5818E93D5DD1}.Release|Any CPU.ActiveCfg = Release|Any CPU
		{52BB2F0D-07DC-4BA5-B869-5818E93D5DD1}.Release|Any CPU.Build.0 = Release|Any CPU
		{5BB52DE1-5076-4CCC-BC49-6BE4944DA8A7}.Debug|Any CPU.ActiveCfg = Debug|Any CPU
		{5BB52DE1-5076-4CCC-BC49-6BE4944DA8A7}.Debug|Any CPU.Build.0 = Debug|Any CPU
		{5BB52DE1-5076-4CCC-BC49-6BE4944DA8A7}.Release|Any CPU.ActiveCfg = Release|Any CPU
		{5BB52DE1-5076-4CCC-BC49-6BE4944DA8A7}.Release|Any CPU.Build.0 = Release|Any CPU
		{FDD3A2DC-160B-45B5-8757-A3281FCCABC2}.Debug|Any CPU.ActiveCfg = Debug|Any CPU
		{FDD3A2DC-160B-45B5-8757-A3281FCCABC2}.Debug|Any CPU.Build.0 = Debug|Any CPU
		{FDD3A2DC-160B-45B5-8757-A3281FCCABC2}.Release|Any CPU.ActiveCfg = Release|Any CPU
		{FDD3A2DC-160B-45B5-8757-A3281FCCABC2}.Release|Any CPU.Build.0 = Release|Any CPU
		{BD87468A-86F6-4922-898F-DC86832F80D5}.Debug|Any CPU.ActiveCfg = Debug|Any CPU
		{BD87468A-86F6-4922-898F-DC86832F80D5}.Debug|Any CPU.Build.0 = Debug|Any CPU
		{BD87468A-86F6-4922-898F-DC86832F80D5}.Release|Any CPU.ActiveCfg = Release|Any CPU
		{BD87468A-86F6-4922-898F-DC86832F80D5}.Release|Any CPU.Build.0 = Release|Any CPU
		{436675CA-B614-4994-B9F5-4FEDE526015D}.Debug|Any CPU.ActiveCfg = Debug|Any CPU
		{436675CA-B614-4994-B9F5-4FEDE526015D}.Debug|Any CPU.Build.0 = Debug|Any CPU
		{436675CA-B614-4994-B9F5-4FEDE526015D}.Release|Any CPU.ActiveCfg = Release|Any CPU
		{436675CA-B614-4994-B9F5-4FEDE526015D}.Release|Any CPU.Build.0 = Release|Any CPU
		{0CA36F6F-B1C1-40FE-ACD6-AB1C3A11183A}.Debug|Any CPU.ActiveCfg = Debug|Any CPU
		{0CA36F6F-B1C1-40FE-ACD6-AB1C3A11183A}.Debug|Any CPU.Build.0 = Debug|Any CPU
		{0CA36F6F-B1C1-40FE-ACD6-AB1C3A11183A}.Release|Any CPU.ActiveCfg = Release|Any CPU
		{0CA36F6F-B1C1-40FE-ACD6-AB1C3A11183A}.Release|Any CPU.Build.0 = Release|Any CPU
		{8A73272D-942C-4C81-B0E2-A6ADF4792DD1}.Debug|Any CPU.ActiveCfg = Debug|Any CPU
		{8A73272D-942C-4C81-B0E2-A6ADF4792DD1}.Debug|Any CPU.Build.0 = Debug|Any CPU
		{8A73272D-942C-4C81-B0E2-A6ADF4792DD1}.Release|Any CPU.ActiveCfg = Release|Any CPU
		{8A73272D-942C-4C81-B0E2-A6ADF4792DD1}.Release|Any CPU.Build.0 = Release|Any CPU
		{262A9CA9-E9B9-48AB-8716-4787B3F9DC65}.Debug|Any CPU.ActiveCfg = Debug|Any CPU
		{262A9CA9-E9B9-48AB-8716-4787B3F9DC65}.Debug|Any CPU.Build.0 = Debug|Any CPU
		{262A9CA9-E9B9-48AB-8716-4787B3F9DC65}.Release|Any CPU.ActiveCfg = Release|Any CPU
		{262A9CA9-E9B9-48AB-8716-4787B3F9DC65}.Release|Any CPU.Build.0 = Release|Any CPU
		{BAACE25C-5E6B-427F-A748-E1BBFB7FE9AB}.Debug|Any CPU.ActiveCfg = Debug|Any CPU
		{BAACE25C-5E6B-427F-A748-E1BBFB7FE9AB}.Debug|Any CPU.Build.0 = Debug|Any CPU
		{BAACE25C-5E6B-427F-A748-E1BBFB7FE9AB}.Release|Any CPU.ActiveCfg = Release|Any CPU
		{BAACE25C-5E6B-427F-A748-E1BBFB7FE9AB}.Release|Any CPU.Build.0 = Release|Any CPU
		{A4780C21-0FAD-4BF1-A005-10BDDFB34E2A}.Debug|Any CPU.ActiveCfg = Debug|Any CPU
		{A4780C21-0FAD-4BF1-A005-10BDDFB34E2A}.Debug|Any CPU.Build.0 = Debug|Any CPU
		{A4780C21-0FAD-4BF1-A005-10BDDFB34E2A}.Release|Any CPU.ActiveCfg = Release|Any CPU
		{A4780C21-0FAD-4BF1-A005-10BDDFB34E2A}.Release|Any CPU.Build.0 = Release|Any CPU
		{0161A65F-843B-45BC-948F-4720242C733E}.Debug|Any CPU.ActiveCfg = Debug|Any CPU
		{0161A65F-843B-45BC-948F-4720242C733E}.Debug|Any CPU.Build.0 = Debug|Any CPU
		{0161A65F-843B-45BC-948F-4720242C733E}.Release|Any CPU.ActiveCfg = Release|Any CPU
		{0161A65F-843B-45BC-948F-4720242C733E}.Release|Any CPU.Build.0 = Release|Any CPU
		{1FFD17EF-5930-4585-9433-F80FFC0C934F}.Debug|Any CPU.ActiveCfg = Debug|Any CPU
		{1FFD17EF-5930-4585-9433-F80FFC0C934F}.Debug|Any CPU.Build.0 = Debug|Any CPU
		{1FFD17EF-5930-4585-9433-F80FFC0C934F}.Release|Any CPU.ActiveCfg = Release|Any CPU
		{1FFD17EF-5930-4585-9433-F80FFC0C934F}.Release|Any CPU.Build.0 = Release|Any CPU
		{C7935EEB-9774-49A9-9A76-CBFCB9AE02EA}.Debug|Any CPU.ActiveCfg = Debug|Any CPU
		{C7935EEB-9774-49A9-9A76-CBFCB9AE02EA}.Debug|Any CPU.Build.0 = Debug|Any CPU
		{C7935EEB-9774-49A9-9A76-CBFCB9AE02EA}.Release|Any CPU.ActiveCfg = Release|Any CPU
		{C7935EEB-9774-49A9-9A76-CBFCB9AE02EA}.Release|Any CPU.Build.0 = Release|Any CPU
		{E874BF94-D1DE-4418-8EFC-26DA0463714C}.Debug|Any CPU.ActiveCfg = Debug|Any CPU
		{E874BF94-D1DE-4418-8EFC-26DA0463714C}.Debug|Any CPU.Build.0 = Debug|Any CPU
		{E874BF94-D1DE-4418-8EFC-26DA0463714C}.Release|Any CPU.ActiveCfg = Release|Any CPU
		{E874BF94-D1DE-4418-8EFC-26DA0463714C}.Release|Any CPU.Build.0 = Release|Any CPU
		{AB04853B-5BE8-4159-A97E-612C9BB1493F}.Debug|Any CPU.ActiveCfg = Debug|Any CPU
		{AB04853B-5BE8-4159-A97E-612C9BB1493F}.Debug|Any CPU.Build.0 = Debug|Any CPU
		{AB04853B-5BE8-4159-A97E-612C9BB1493F}.Release|Any CPU.ActiveCfg = Release|Any CPU
		{AB04853B-5BE8-4159-A97E-612C9BB1493F}.Release|Any CPU.Build.0 = Release|Any CPU
		{7CB366F4-6F09-4414-9DF6-29DCEADE323B}.Debug|Any CPU.ActiveCfg = Debug|Any CPU
		{7CB366F4-6F09-4414-9DF6-29DCEADE323B}.Debug|Any CPU.Build.0 = Debug|Any CPU
		{7CB366F4-6F09-4414-9DF6-29DCEADE323B}.Release|Any CPU.ActiveCfg = Release|Any CPU
		{7CB366F4-6F09-4414-9DF6-29DCEADE323B}.Release|Any CPU.Build.0 = Release|Any CPU
	EndGlobalSection
	GlobalSection(SolutionProperties) = preSolution
		HideSolutionNode = FALSE
	EndGlobalSection
	GlobalSection(NestedProjects) = preSolution
		{9E736923-792B-4DA1-8597-7C92FBC505E4} = {043A7067-A423-4D2F-8823-3B7475156C9C}
		{1C37C149-BF33-411F-ADD6-3D428F5CA6B3} = {9E736923-792B-4DA1-8597-7C92FBC505E4}
		{29A34012-5EBA-4B69-85BE-911436C98685} = {04B0A12E-4D81-4C73-99B2-F1B608215167}
		{B94AF7E1-ED63-4D3E-A6ED-F7DB4BC6472B} = {29A34012-5EBA-4B69-85BE-911436C98685}
		{36C08464-A81D-470D-ABC0-AD222524B32C} = {04B0A12E-4D81-4C73-99B2-F1B608215167}
		{509D50E5-35F8-4D43-8EF5-8849D8334B80} = {36C08464-A81D-470D-ABC0-AD222524B32C}
		{3E042A99-C8CD-4B66-999D-2053DA8AAFCB} = {04B0A12E-4D81-4C73-99B2-F1B608215167}
		{B5B545C0-BEDB-4A7F-91AD-1FE7AE288B34} = {3E042A99-C8CD-4B66-999D-2053DA8AAFCB}
		{D6734BDC-8D49-4BAA-B24C-5EDF9323E0F6} = {04B0A12E-4D81-4C73-99B2-F1B608215167}
		{484DB34F-B998-4D67-BCC0-F94512DBF857} = {D6734BDC-8D49-4BAA-B24C-5EDF9323E0F6}
		{E3408C04-824F-401F-83F0-42679D46B609} = {04B0A12E-4D81-4C73-99B2-F1B608215167}
		{CAB4E9CC-E3E0-4E0B-9034-0EC9F09CB25B} = {E3408C04-824F-401F-83F0-42679D46B609}
		{F1280297-20EC-4259-8CDE-06387E04A4DA} = {0894073F-89F5-4916-A981-A5E4F20B5C74}
		{AB7C685F-7A32-42C5-96BC-DD831CC4DF86} = {F1280297-20EC-4259-8CDE-06387E04A4DA}
		{D7DD2EBC-1403-4001-BDDE-4369CBA50E2B} = {0894073F-89F5-4916-A981-A5E4F20B5C74}
		{56B64437-E6E4-4569-877D-FA6F93CB26DD} = {D7DD2EBC-1403-4001-BDDE-4369CBA50E2B}
		{776B3966-4AD5-4565-B9FC-D22716558F09} = {0894073F-89F5-4916-A981-A5E4F20B5C74}
		{A9427032-AF2F-470B-866A-484B11083411} = {776B3966-4AD5-4565-B9FC-D22716558F09}
		{2D837DF7-9B68-47E0-BDFF-D916359171D3} = {EF118BBE-4993-4FD8-8657-7FB775827483}
		{C73F50C9-F8B7-49F6-AA37-5EF0D1206656} = {2D837DF7-9B68-47E0-BDFF-D916359171D3}
		{F4182D9A-33EE-41A3-BBBC-B95D414F49D8} = {C240C7B8-90B3-4B77-B08A-E4CA02CC5841}
		{0C0FC49A-090C-49F9-BCA2-4F03F8A17CAE} = {F4182D9A-33EE-41A3-BBBC-B95D414F49D8}
		{181A6928-6AA7-4269-82EA-E758D30458DF} = {C240C7B8-90B3-4B77-B08A-E4CA02CC5841}
		{A07255B4-9E09-4EE4-B021-06C135F35910} = {181A6928-6AA7-4269-82EA-E758D30458DF}
		{EEF14271-0218-4888-BE31-4D2685A0D3D9} = {C240C7B8-90B3-4B77-B08A-E4CA02CC5841}
		{52BB2F0D-07DC-4BA5-B869-5818E93D5DD1} = {EEF14271-0218-4888-BE31-4D2685A0D3D9}
		{15D49798-F28C-4233-9DB4-818B6D37EC0C} = {C240C7B8-90B3-4B77-B08A-E4CA02CC5841}
		{5BB52DE1-5076-4CCC-BC49-6BE4944DA8A7} = {15D49798-F28C-4233-9DB4-818B6D37EC0C}
		{13BE5BA9-AFA8-4D97-B00A-0DAB70B6B57A} = {BAA0CAF3-A8FB-4ABA-A2B5-AB2028BF7159}
		{08E4B23F-92B9-4DEA-948D-9FBC6FDD081F} = {BAA0CAF3-A8FB-4ABA-A2B5-AB2028BF7159}
		{C335BF09-A7DE-4ED2-93C6-E8A3BA402E63} = {BAA0CAF3-A8FB-4ABA-A2B5-AB2028BF7159}
		{1DBE09E6-F484-4D15-A215-A1A89FC7C216} = {BAA0CAF3-A8FB-4ABA-A2B5-AB2028BF7159}
		{519D16A2-7F31-4D8E-97DB-B8E70EEB31D8} = {BAA0CAF3-A8FB-4ABA-A2B5-AB2028BF7159}
		{FDD3A2DC-160B-45B5-8757-A3281FCCABC2} = {13BE5BA9-AFA8-4D97-B00A-0DAB70B6B57A}
		{BD87468A-86F6-4922-898F-DC86832F80D5} = {08E4B23F-92B9-4DEA-948D-9FBC6FDD081F}
		{436675CA-B614-4994-B9F5-4FEDE526015D} = {C335BF09-A7DE-4ED2-93C6-E8A3BA402E63}
		{0CA36F6F-B1C1-40FE-ACD6-AB1C3A11183A} = {1DBE09E6-F484-4D15-A215-A1A89FC7C216}
		{C6DF1ADD-EC5A-47F7-8F1C-58036D056BC8} = {519D16A2-7F31-4D8E-97DB-B8E70EEB31D8}
		{240706D8-BABB-44EC-BA1A-FF95A47A539F} = {519D16A2-7F31-4D8E-97DB-B8E70EEB31D8}
		{8ED47A6C-4613-400D-B2EB-A21B32665C43} = {519D16A2-7F31-4D8E-97DB-B8E70EEB31D8}
		{8A73272D-942C-4C81-B0E2-A6ADF4792DD1} = {C6DF1ADD-EC5A-47F7-8F1C-58036D056BC8}
		{262A9CA9-E9B9-48AB-8716-4787B3F9DC65} = {240706D8-BABB-44EC-BA1A-FF95A47A539F}
		{BAACE25C-5E6B-427F-A748-E1BBFB7FE9AB} = {8ED47A6C-4613-400D-B2EB-A21B32665C43}
		{DFC1F041-0BBF-463A-84F1-DDD660B5E069} = {46DEAB7E-4FCA-4EDE-86AD-F46C1F7B9322}
		{45C1B588-12E4-438E-9361-29D92328F44F} = {46DEAB7E-4FCA-4EDE-86AD-F46C1F7B9322}
		{3B3C0A75-2BF7-47D8-BF3F-011B0888E075} = {46DEAB7E-4FCA-4EDE-86AD-F46C1F7B9322}
		{02871440-0EBE-41E8-BADC-CE1E01BEB143} = {46DEAB7E-4FCA-4EDE-86AD-F46C1F7B9322}
		{A4780C21-0FAD-4BF1-A005-10BDDFB34E2A} = {DFC1F041-0BBF-463A-84F1-DDD660B5E069}
		{0161A65F-843B-45BC-948F-4720242C733E} = {45C1B588-12E4-438E-9361-29D92328F44F}
		{1FFD17EF-5930-4585-9433-F80FFC0C934F} = {3B3C0A75-2BF7-47D8-BF3F-011B0888E075}
		{A14CDB68-2B83-4304-856F-A339E17EAAF9} = {02871440-0EBE-41E8-BADC-CE1E01BEB143}
		{55E213A0-3269-4AC3-A956-D5544223EEB4} = {02871440-0EBE-41E8-BADC-CE1E01BEB143}
		{57465EF9-D0B9-4346-B6D0-EF65DB9225C6} = {02871440-0EBE-41E8-BADC-CE1E01BEB143}
		{880B54E9-C076-476C-B54E-74325C47F104} = {02871440-0EBE-41E8-BADC-CE1E01BEB143}
		{C7935EEB-9774-49A9-9A76-CBFCB9AE02EA} = {A14CDB68-2B83-4304-856F-A339E17EAAF9}
		{E874BF94-D1DE-4418-8EFC-26DA0463714C} = {55E213A0-3269-4AC3-A956-D5544223EEB4}
		{AB04853B-5BE8-4159-A97E-612C9BB1493F} = {57465EF9-D0B9-4346-B6D0-EF65DB9225C6}
		{7CB366F4-6F09-4414-9DF6-29DCEADE323B} = {880B54E9-C076-476C-B54E-74325C47F104}
	EndGlobalSection
	GlobalSection(ExtensibilityGlobals) = postSolution
		SolutionGuid = {B5902268-35E1-4AD1-AE62-BC48C67FF170}
	EndGlobalSection
EndGlobal
